
Microsoft Visual Studio Solution File, Format Version 12.00
# Visual Studio Version 16
VisualStudioVersion = 16.0.31205.134
MinimumVisualStudioVersion = 10.0.40219.1
Project("{FAE04EC0-301F-11D3-BF4B-00C04F79EFBC}") = "FormlarGecisVeriAktarimi", "FormlarGecisVeriAktarimi.csproj", "{2D608FAC-963E-4098-9F6D-5631123F7ACC}"
EndProject
Global
	GlobalSection(SolutionConfigurationPlatforms) = preSolution
		Debug|Any CPU = Debug|Any CPU
		Release|Any CPU = Release|Any CPU
	EndGlobalSection
	GlobalSection(ProjectConfigurationPlatforms) = postSolution
		{2D608FAC-963E-4098-9F6D-5631123F7ACC}.Debug|Any CPU.ActiveCfg = Debug|Any CPU
		{2D608FAC-963E-4098-9F6D-5631123F7ACC}.Debug|Any CPU.Build.0 = Debug|Any CPU
		{2D608FAC-963E-4098-9F6D-5631123F7ACC}.Release|Any CPU.ActiveCfg = Release|Any CPU
		{2D608FAC-963E-4098-9F6D-5631123F7ACC}.Release|Any CPU.Build.0 = Release|Any CPU
	EndGlobalSection
	GlobalSection(SolutionProperties) = preSolution
		HideSolutionNode = FALSE
	EndGlobalSection
	GlobalSection(ExtensibilityGlobals) = postSolution
		SolutionGuid = {744CC027-17C2-4E75-A3DC-F7F273234340}
	EndGlobalSection
EndGlobal
